
Microsoft Visual Studio Solution File, Format Version 12.00
# Visual Studio Version 16
VisualStudioVersion = 16.0.30907.101
MinimumVisualStudioVersion = 10.0.40219.1
Project("{8BC9CEB8-8B4A-11D0-8D11-00A0C91BC942}") = "Курсовая работа", "Курсовая работа\Курсовая работа.vcxproj", "{836BFF1C-0D50-4955-A45A-5068828905BD}"
EndProject
Global
	GlobalSection(SolutionConfigurationPlatforms) = preSolution
		Debug|x64 = Debug|x64
		Debug|x86 = Debug|x86
		Release|x64 = Release|x64
		Release|x86 = Release|x86
	EndGlobalSection
	GlobalSection(ProjectConfigurationPlatforms) = postSolution
		{836BFF1C-0D50-4955-A45A-5068828905BD}.Debug|x64.ActiveCfg = Debug|x64
		{836BFF1C-0D50-4955-A45A-5068828905BD}.Debug|x64.Build.0 = Debug|x64
		{836BFF1C-0D50-4955-A45A-5068828905BD}.Debug|x86.ActiveCfg = Debug|Win32
		{836BFF1C-0D50-4955-A45A-5068828905BD}.Debug|x86.Build.0 = Debug|Win32
		{836BFF1C-0D50-4955-A45A-5068828905BD}.Release|x64.ActiveCfg = Release|x64
		{836BFF1C-0D50-4955-A45A-5068828905BD}.Release|x64.Build.0 = Release|x64
		{836BFF1C-0D50-4955-A45A-5068828905BD}.Release|x86.ActiveCfg = Release|Win32
		{836BFF1C-0D50-4955-A45A-5068828905BD}.Release|x86.Build.0 = Release|Win32
	EndGlobalSection
	GlobalSection(SolutionProperties) = preSolution
		HideSolutionNode = FALSE
	EndGlobalSection
	GlobalSection(ExtensibilityGlobals) = postSolution
		SolutionGuid = {085BDC3D-2BB7-4AF4-B83E-3D9FC0C88739}
	EndGlobalSection
EndGlobal
